{
  "name": "awesome-project",
  "version": "1.0.0",
  "lockfileVersion": 1,
  "requires": true,
  "dependencies": {
    "animation-util": {
      "version": "1.0.10",
      "resolved": "https://registry.npmjs.org/animation-util/-/animation-util-1.0.10.tgz",
      "integrity": "sha512-0Jo+P0NkaXV1IC3KQXDqQ/5eR0LJBIpLEfZRS3Aq9OfD5kfAKaYgXqdK/JOBw2CtK7H2vYU2GKLygQLUdwjkSA==",
      "requires": {
        "object-assign": "4.1.1"
      }
    },
    "bindingx-parser": {
      "version": "0.0.2",
      "resolved": "https://registry.npmjs.org/bindingx-parser/-/bindingx-parser-0.0.2.tgz",
      "integrity": "sha512-m2bFUnAmAs9fImBAgrjz9NgRxriC+1pUNeD32fiCyNEYNn36agCQ5LGdwuCzWpCI+cLj9E62fd0/GJuQxA+TXQ=="
    },
    "bindingx-web-polyfill": {
      "version": "0.0.6",
      "resolved": "https://registry.npmjs.org/bindingx-web-polyfill/-/bindingx-web-polyfill-0.0.6.tgz",
      "integrity": "sha512-H/pALEL+c/WhSQ+GVVmV5CjOfTI/v0aGwrvb8sYH31MVoHwYL4gyT/me/a0czt3ZNCoiBrIubiaMNQ0teAiTQA==",
      "requires": {
        "animation-util": "1.0.10",
        "object-assign": "4.1.1",
        "simple-lodash": "0.0.3"
      },
      "dependencies": {
        "simple-lodash": {
          "version": "0.0.3",
          "resolved": "https://registry.npmjs.org/simple-lodash/-/simple-lodash-0.0.3.tgz",
          "integrity": "sha512-z1E8o+8lTFHyL4DKecuAQ2UgwWbgVUTJ7iyglCsMz4wGscQ/+A0CqIIz8ZOcTpUbMc4yc+Bwk5Gn+2cuvIRnLQ=="
        }
      }
    },
    "object-assign": {
      "version": "4.1.1",
      "resolved": "https://registry.npmjs.org/object-assign/-/object-assign-4.1.1.tgz",
      "integrity": "sha1-IQmtx5ZYh8/AXLvUQsrIv7s2CGM="
    },
    "querystringify": {
      "version": "1.0.0",
      "resolved": "https://registry.npmjs.org/querystringify/-/querystringify-1.0.0.tgz",
      "integrity": "sha1-YoYkIRLFtxL6ZU5SZlK/ahP/Bcs="
    },
    "requires-port": {
      "version": "1.0.0",
      "resolved": "https://registry.npmjs.org/requires-port/-/requires-port-1.0.0.tgz",
      "integrity": "sha1-kl0mAdOaxIXgkc8NpcbmlNw9yv8="
    },
    "simple-lodash": {
      "version": "0.0.2",
      "resolved": "https://registry.npmjs.org/simple-lodash/-/simple-lodash-0.0.2.tgz",
      "integrity": "sha512-BuCCKYqzrgfAWEyaVbGKGqsdYon9DFNPKlyH+7Nvci3i+HXy5fPkbOdLjWTJEY1MPkRvvAPWhu31d1YkBidVYw=="
    },
    "universal-env": {
      "version": "0.5.4",
      "resolved": "https://registry.npmjs.org/universal-env/-/universal-env-0.5.4.tgz",
      "integrity": "sha512-Swe7kdl7IO8zvVA6SS4OERD0tVhms8klLx26bvi7Kmdge1bkfvg8Se9JQcYEU6H3hKyyNYaCFl19tmXyEmtgCw=="
    },
    "url-parse": {
      "version": "1.2.0",
      "resolved": "https://registry.npmjs.org/url-parse/-/url-parse-1.2.0.tgz",
      "integrity": "sha512-DT1XbYAfmQP65M/mE6OALxmXzZ/z1+e5zk2TcSKe/KiYbNGZxgtttzC0mR/sjopbpOXcbniq7eIKmocJnUWlEw==",
      "requires": {
        "querystringify": "1.0.0",
        "requires-port": "1.0.0"
      }
    },
    "weex-bindingx": {
      "version": "0.0.12",
      "resolved": "https://registry.npmjs.org/weex-bindingx/-/weex-bindingx-0.0.12.tgz",
      "integrity": "sha512-fRIq877i+poIwyGrIbdYwamA9sRZFoooF5DyPQtkcOmbU1jr5vB/4NgqtZlvi6MDOGwbAJuNNminnSG8/ofYLA==",
      "requires": {
        "bindingx-parser": "0.0.2",
        "bindingx-web-polyfill": "0.0.6",
        "object-assign": "4.1.1",
        "simple-lodash": "0.0.2",
        "universal-env": "0.5.4"
      }
    },
    "weex-ui": {
      "version": "0.5.2",
      "resolved": "https://registry.npmjs.org/weex-ui/-/weex-ui-0.5.2.tgz",
      "integrity": "sha512-dOGWig692M0pssmWc3EE4E+gY2Xd5FAQdjAy2q8urcpreb/Bbu4bD+k/e9Nj8u+b8GgQOr7Cvvwp1afKeO1kcA==",
      "requires": {
        "url-parse": "1.2.0",
        "weex-bindingx": "0.0.12"
      }
    }
  }
}
